
Microsoft Visual Studio Solution File, Format Version 12.00
# Visual Studio Version 17
VisualStudioVersion = 17.10.34928.147
MinimumVisualStudioVersion = 10.0.40219.1
Project("{FAE04EC0-301F-11D3-BF4B-00C04F79EFBC}") = "FHIR", "FHIR\FHIR.csproj", "{44E50DCE-7DF5-4B42-BCA8-11AC3F809DE5}"
EndProject
Global
	GlobalSection(SolutionConfigurationPlatforms) = preSolution
		Debug|Any CPU = Debug|Any CPU
		Release|Any CPU = Release|Any CPU
	EndGlobalSection
	GlobalSection(ProjectConfigurationPlatforms) = postSolution
		{44E50DCE-7DF5-4B42-BCA8-11AC3F809DE5}.Debug|Any CPU.ActiveCfg = Debug|Any CPU
		{44E50DCE-7DF5-4B42-BCA8-11AC3F809DE5}.Debug|Any CPU.Build.0 = Debug|Any CPU
		{44E50DCE-7DF5-4B42-BCA8-11AC3F809DE5}.Release|Any CPU.ActiveCfg = Release|Any CPU
		{44E50DCE-7DF5-4B42-BCA8-11AC3F809DE5}.Release|Any CPU.Build.0 = Release|Any CPU
	EndGlobalSection
	GlobalSection(SolutionProperties) = preSolution
		HideSolutionNode = FALSE
	EndGlobalSection
	GlobalSection(ExtensibilityGlobals) = postSolution
		SolutionGuid = {46D63722-E67E-4679-B3E2-62E7C2B3DF1F}
	EndGlobalSection
EndGlobal
